PODS:
  - Alamofire (4.8.2)
  - Cosmos (19.0.3)
  - MBProgressHUD (1.1.0)
  - MTBBarcodeScanner (5.0.11)

DEPENDENCIES:
  - Alamofire (~> 4.8.0)
  - Cosmos (~> 19.0)
  - MBProgressHUD (~> 1.1.0)
  - MTBBarcodeScanner

SPEC REPOS:
  https://github.com/cocoapods/specs.git:
    - Alamofire
    - Cosmos
    - MBProgressHUD
    - MTBBarcodeScanner

SPEC CHECKSUMS:
  Alamofire: ae5c501addb7afdbb13687d7f2f722c78734c2d3
  Cosmos: a6fb17284281fa12cf4c85c2efecd440a215ec44
  MBProgressHUD: e7baa36a220447d8aeb12769bf0585582f3866d9
  MTBBarcodeScanner: f453b33c4b7dfe545d8c6484ed744d55671788cb

PODFILE CHECKSUM: 90f841f7ad95cd76c9dc27c5bc28a2116585b180

COCOAPODS: 1.7.2
